argon2-cffi==25.1.0 \
    --hash=sha256:694ae5cc8a42f4c4e2bf2ca0e64e51e23a040c6a517a85074683d3959e1346c1 \
    --hash=sha256:fdc8b074db390fccb6eb4a3604ae7231f219aa669a2652e0f20e16ba513d5741
    # via -r requirements.txt
argon2-cffi-bindings==26.1.0 \
    --hash=sha256:061a6919145bbf282ebf1f9c59d3135d4833c25313c8595c0d68cf7712ddfce2 \
    --hash=sha256:0cc40f7b4050bb93eb67de95d2d759322fc7ce4930b9d645581ecf4913ec651e \
    --hash=sha256:151dfaad9de753f4af2a7854e707e4784f2acc434340ade64239c5b104b2d605 \
    --hash=sha256:19423e5d7ac1cc354baab59eaabf18db2ec04ef6593b5abe5a34f323c4a8f87a \
    --hash=sha256:19b562b1de4b9052ef1214a2821c44b6e6f22945daa102c32ae4eff929d8b6d8 \
    --hash=sha256:1a0a29ed86960e44eaace7e081bdfab4f08b012fd96ec8edba71e2ad020939e4 \
    --hash=sha256:1af817e84578ef8b7295ad17de0f9896e4c8520dbf2233c7aa5aa3d487256fc4 \
    --hash=sha256:1b0bcac4d490a237e18cf91f57352920c29f77f2fa39efd0813fb81298bf17ba \
    --hash=sha256:1d98e33bd8bd67d7206c124e200bf2229c4cfa8c9c19f7b44a897f0fc71837eb \
    --hash=sha256:21ca0396fe5ec995dd54431c32698189666f9224810acfa752e50d2bd94d9df2 \
    --hash=sha256:224865cbbcb7a2bd1356741dff12b0134df726b6d44bb7b500df8e303cbd9e81 \
    --hash=sha256:242bb0cda2ae3650764fc194593d9ea45fc9e72729acd89778c7cfe184cec2a5 \
    --hash=sha256:27f1821903e2ceadcb88ec2b45ef190897b7682449c772f4d9b53e42c520cf29 \
    --hash=sha256:28524438cd3e723f25412f63d4fd516ff5bae9ae5aa56acbe2a1404398a0cf31 \
    --hash=sha256:2b741888c93147444fdfc851abd81cc207f37f7f7da42062a00deb3888e57da8 \
    --hash=sha256:2c36ff87b5dfaa477d0bd51e9d7f6abdae7c8955d2983c97419085d842154b3e \
    --hash=sha256:34b7d9c24a4165a2c61cc8ae11d44d48c9ce2830fb536cb7914e11fdd9962728 \
    --hash=sha256:49d525938467d52c923a890153c99087c9d5a937d1f6b585dbdba34ec82e397a \
    --hash=sha256:4f84cdd868978d7b7350a566c254042d44216d9e37f241f3a6d3b1dfebeede35 \
    --hash=sha256:62ff20cd130c956c7c9144d5fe35228f98b51c579b2439e988b27ef93e16c02a \
    --hash=sha256:63505c71542a44b68b1e38060450fb006404170da375feb31af153e7f9c6205d \
    --hash=sha256:6376d4b3aca039375ca8bf92f770da0ec424a1ce3a37077a8d3c557411aa56ca \
    --hash=sha256:6a4e68eed961a8de6928d1c17ff3dc2a547e0e923c17f8f1cd79fb7bc9502f98 \
    --hash=sha256:6ab674f668d5962a3a4136ae0812519b0f1586874263723a32181d60d64137e1 \
    --hash=sha256:7014ab7e6f5d8511af92544667a0346ea6dfc314ea9a7cad1dba9fdb5c9a6e33 \
    --hash=sha256:76ae29acace5d33355344612844d588e19deaaba4639d8bb01601e4b1418ef36 \
    --hash=sha256:78de2d65e0b9ea7ce9d1b1c3e87297b2d7305a02c266ee2a2d6910daddd7ee69 \
    --hash=sha256:9bacedc04b0402837586a17f0919e3dfdd95291f441f1f56bd80ec274c2840a1 \
    --hash=sha256:a86c069c91a747a2c4e5c51473590aeb48172fff9b2130d23729a42d98665ecb \
    --hash=sha256:ac82fc756a446b6ccd7139ce70efa9d8bbe541e7ad579a12dcb52764b7175c5f \
    --hash=sha256:af11ac37a7c53dc16cb7950a6190851b0870fe218b6c60c0bb7ac355234e3083 \
    --hash=sha256:b70225b5fd1e0d2ef4f7fd30d24658454535f0924dff0caca5dc08efbbbadfbb \
    --hash=sha256:c49e853a3bef9dd10329f31f702e7fa9b5c58229ff9c2ff6d069efaf09177c08 \
    --hash=sha256:ccaf0a46cbb380f1fd102a874e32aa629fd3cb0c0e94f4943fa1f6d5edc5dac6 \
    --hash=sha256:d157ddfab1e8b21f2f1dedda9c09645d98b5ed0b667b0626be600a345d426440 \
    --hash=sha256:d88e5f7e60f28ae0b0cc6b2f16c43e87cd642a196a86f85e0d8bb6fe016fc16d \
    --hash=sha256:db0fcd827ca61622a01b220aadfbece01939acf53888f2cb98cd93e9b1e2c97e \
    --hash=sha256:df612391feca41c44d20118f3b88d1b86419465cd1f5496859f715ca60ec2210 \
    --hash=sha256:f0c3103fcff20183e593459cfea6e012281c0e76ae3ed8b5565ad1b92eac3990 \
    --hash=sha256:f9c4420a7a864fe1b86ce35befc95b8e39fb852493b81cf798671ddc265de638 \
    --hash=sha256:ffff613aaa9ce6236766e2fc6dc560bb5abde7a2e2416e3db1f9ae395a2b4dd4
    # via argon2-cffi
boto3==1.43.90 \
    --hash=sha256:4b669742d5b45b8fd20ca50ac414a4e4cf995ebb8f280d21be28676e71c97594 \
    --hash=sha256:aaaa1216d65ddb3dcf86bf9d93cfa436af05cbcd1e1f8b2847f2b83116012186
    # via -r requirements.txt
botocore==1.43.93 \
    --hash=sha256:3ca57bb5d26d88b554a74de708a5c991f45306436c91aacca931252d1d4d54ff \
    --hash=sha256:82da355d18a7f784347b00444be33942834651f31b6c5ffef49999cd47364c5e
    # via
    #   boto3
    #   s3transfer
cffi==2.1.1 \
    --hash=sha256:046bfc24911b37851ee1b51aab8bffe713d89c68c6a057b09484ce9fd5f69b4e \
    --hash=sha256:06c72bb76605a4b0cd0aad6930b69d4baf7dd5d806cfc409b824191099700e66 \
    --hash=sha256:0beceaabe56af686895136a2de78db54ecd8e4046b236b8fd6d6cb61389e9bf2 \
    --hash=sha256:154852545011f779917b11c78db2358d095da62a9a172b78ad0a583ee5adc0d0 \
    --hash=sha256:194cffa889098ced9976c3fc6340305e43f6303657d298da55366907c05c22d6 \
    --hash=sha256:19ee6127ee34de7d83ce3d371ebc5ed91addbdcc39f9ab15ce4eb35a4e534971 \
    --hash=sha256:1a18a57b58cfb21fc28d72e876acf10eaed67a1ed96226f92af4df681d571c4c \
    --hash=sha256:1aa5645c30469b09530c4ebca77ebf8f17618293c58f8549cb1a543a50236e7d \
    --hash=sha256:1dea0e4d7d4f11f619fe8c1d76caf49e24405b4b5743c0e3be16a500ecd930c9 \
    --hash=sha256:208f941bb9d18e768138677f0a6d2ce01f590df56043dda1df1535ac57c88517 \
    --hash=sha256:210019b6c7cf07f081b4c54635c8cf744377001350e29cc0f81c4377b4797735 \
    --hash=sha256:246fa40ce8645a614ff682e0b70f37134e460eaf93a775e0cbe3cca585a67a80 \
    --hash=sha256:25792eac27877609e7bb06d42ff88278a6624fff2ba9bbb523c09616b117e80f \
    --hash=sha256:27350daa11d4f10c540e6e89dada4c54feb7256ad03e9a4dc075ebad7ba360d1 \
    --hash=sha256:28907ab9bfb6aa13184cfc17c6b8e1023c5ab6fd7076d8c20a35e59fe04f8f29 \
    --hash=sha256:2ae64be792b8966f2c69538199728b290e34726562896df1e5dc8ffd8d8188e8 \
    --hash=sha256:31348097ff5bbe827ccc41795d4dd099d9f0625e7def00ee653c137a490c2a6c \
    --hash=sha256:3143d81e29e1e20a9ce10901ec369012947876596f75a222235965f2b7ae832e \
    --hash=sha256:3222ba5d678f80a030e6afbcc33dc1ae5cb45facabb61cee2c7016b8432fde48 \
    --hash=sha256:3311ed60d36f83378794e1009ac6258bafbf81f7888b4caa7b35a521e3f95813 \
    --hash=sha256:334644fbac4eff73d985a17a91226df55d0f394160c4cfb880e084c8f7161cac \
    --hash=sha256:34e261f78cb6ceaaa36f42f2613f4380d94d9c759a9c73c769ee6e0247364632 \
    --hash=sha256:363e05fa78e15116c3c32c210ee36884fd6b9afa6d440e47112c3bd511d64cb6 \
    --hash=sha256:398aff33cee2767e3e781d2554c54bd0dff386bb437581e0d8011fde1a942ec1 \
    --hash=sha256:3d22a20b1fb1632cc72c22f95f7b0d2961c3e1c235f245ba4c606c4771035659 \
    --hash=sha256:42a494cee34437f05546455144f2b5d9ac09b1face62bcfce597d2e521066688 \
    --hash=sha256:42e2f76b9455f5a9a844f770bf3e200ed3da0e15f5df3db9c31fe80b04b3d004 \
    --hash=sha256:42f6930c31dc7f50732c9ae793c2786c7b6b044195967bbdde40bb9be81c4cc0 \
    --hash=sha256:456a61fa52d579ebf9df2e9552ead5129855dbaff6c1e5a9b1bc408809bdc062 \
    --hash=sha256:471cee653ae88de62096552e6d24ccb4a5adb8c8c9f10b5054d0122c15bf2779 \
    --hash=sha256:49cbc70e6542d4ccccb936558d1064a8012541e78f821f955cff24e357776c94 \
    --hash=sha256:4a7c934f7360e8cd64fe9efadcbd10c7c6364f531e432b9a4bf5ccbc9e0e8b50 \
    --hash=sha256:4be96343e422f2dfcd12ab5c9f5aebe03f82f737c6bffeca6830b3875cb44aab \
    --hash=sha256:4f42141fc14250de6dde5ee7ea4432be017252d91f19c5ad043c084cea629cac \
    --hash=sha256:507a24c282e0f42f8ed737cf048572cbf580468da5555764a8331735e9c736b6 \
    --hash=sha256:51b31d1c98274844cfd7838ce00bfc27c7423a4dc00fc0772fc3331c2cc90676 \
    --hash=sha256:58acb8ab8e295e6c5ea12f888cbb13cf21511ef2a3303a23f4325c29d17fe5c1 \
    --hash=sha256:5a59cc1c4442bc3d5c703bf720b51138d0bfc173618807c9ee2490a7541dd3d9 \
    --hash=sha256:5bb4e7ea95dcd6a014a6fef62e62467d67d8e582326443f3d68e71d6320a9fcf \
    --hash=sha256:5c58fe613dc5e5336357eff555824a314d8e43282600435c8d1cb6a7a2fedd13 \
    --hash=sha256:5e7cecbaadb83884793e05828cee59b210b24583b9c7425d0ba6a754fe22eb4e \
    --hash=sha256:616f097f2fe415bc92a247f02e11f634e1f9e9a83d327e3c915c15089c87869e \
    --hash=sha256:63bbfd5ded17c4840ac07cd8f1c21ba9d9708141f840b324f422f41b207e3973 \
    --hash=sha256:64faea20f4e2613363a1a9b9c7dd73058f3ecd00133a511e72ad7c511658f527 \
    --hash=sha256:661c298b4821edebead0c91edd2b00374d67ad7c5a1f7a91d4442633b79d6a72 \
    --hash=sha256:68e62fe11f30d5ca8289242866f0a5291402d8529ca2178ab8afc5c9694ae890 \
    --hash=sha256:6a8dddef476fab96d066d578fc88526767b836ab5ab21754e1d5bf3879c31c7c \
    --hash=sha256:6e192623c49c94421616a5778fba35cf0d5a8d000650c1967ef4448ee5cdd990 \
    --hash=sha256:7225e4514edb64eb6740324353e0da0711954fd8d7da4576755b1c6e09b697cd \
    --hash=sha256:75f80557d1389eddbd0de2681f6a390a0c5338c31ddaa821381c203fc3fd50d9 \
    --hash=sha256:770de9db11e84213beec501cfcaa013b019820ca881e03344dea5844f7876d94 \
    --hash=sha256:7750c6449dff7864bb9bb27ddfb0267756189201a3afc911d82b3caacd70dfc3 \
    --hash=sha256:7bde5e4cc5c10140859842b9d383af292b22639a4dffb725314baf45968cef80 \
    --hash=sha256:7ce713ace7c0e4520535b42b77eaa742c16dab813978064913e5a3cf82973b41 \
    --hash=sha256:7da0c5eff80f0197f3b3d1232ec5a682a9325f4ae9016a78f5f5ca35f9ced1f5 \
    --hash=sha256:7dbb61fe3a7699468030f71bbe5f8a0e326a151daa91beb11a6fc1f980c55e1c \
    --hash=sha256:811bd1e21d32de12efca32393a0ab3f5133b54fce9bd44b8bd77ab07da14bf6a \
    --hash=sha256:8ef53b2de9bcb9197d31854256575d59dbac0cba72ac627bb291ef5eceb74be4 \
    --hash=sha256:937c0052c05a31ca1daf18de3158eed4dbfcb9cc107adbea227728d647be701e \
    --hash=sha256:9d2055050ea716bd38b7f7f1579c275386646b4894c155a3e2f3cd62ed41b7c6 \
    --hash=sha256:9f8d177621de5cb38ee3e731eda45d421db093ec0739f46a5594babda7987a98 \
    --hash=sha256:a2d7755bef5a12ed488f4ef1f1b69ee9191d7396083b755a5d2295f6edb4768b \
    --hash=sha256:a48d62ab9d6f4f98c983223a547af44be6ca3691074c31cecced6facd3ba2dc1 \
    --hash=sha256:a4f00aa42f75d6e4595e8866e748cc1705adc0cddfeb2ca86d0d03993d63ba03 \
    --hash=sha256:a6e721d4b0e45d5b65e87534470e67b18dcd092c83f68fba09f152b9cbc061af \
    --hash=sha256:a730a083190634c65cca36ba5f489531576ebd79bcd5c8e172130f6453127231 \
    --hash=sha256:a931079504ecc49efed7744c476a5c343a92fabf66dec2db95edb1b2fdc770e2 \
    --hash=sha256:aa9511c62d14da7aacc9b4bf51f3f697a621e83b2d6919008243c3aad168eea3 \
    --hash=sha256:ab36d55f9ed2d067327667c2fea18dda018eb628dd6347aa01dda6cf1f5d3836 \
    --hash=sha256:ad2c86c495b899d862ea0f4b42891b8713a3bd45dd4105c7fd51c2a72f39f3a5 \
    --hash=sha256:aeae0e330c9f6acd681f647d46cefd30c29f93e3392882e792e82080c9691399 \
    --hash=sha256:b0431303acaea1089ad4b3e9ce4e6518193def1118d4073ca848635ee4ea2e96 \
    --hash=sha256:b5bdfd1c873d4e093aabc0ca84c4ca6dbc4f752afb5c86f146d9742580c9da2e \
    --hash=sha256:baed1e86cc735622097354b9d1281406caf42ff42a886d29faa8e8d1630333be \
    --hash=sha256:c1453022f490d2459a11819d83ad1d586e9ff65a12ac3e705ffebd46d3685dcf \
    --hash=sha256:c26608d2222fb1e94487e4a387d85f13eb55d5ed725cb25a0c589ac4ee60e7bc \
    --hash=sha256:c7659f22557c5a0bc4855cd635f55edec690cc008a40768527762cb9fb263455 \
    --hash=sha256:c8c69575568085ba0b1b10c0249d779a214aea6f6522e949a0fc9fb0fcb449d0 \
    --hash=sha256:c8d2c9fd1f2d16f780d15127abb050d13d1a76c03a4bd87d7e4980e45e511e12 \
    --hash=sha256:ca82be1a1d406ecfe1d25dc16cb33488e5a16bf4438c9fb590484ea29d92478b \
    --hash=sha256:cc572dace3f60ef98d7b12ff411d20f5362feb31a0439eab0085bbfd349982d7 \
    --hash=sha256:d18e5ac0f2f03f4f518d3e23db0f0cad7faa1da8620e9c09461d443bbf6e6692 \
    --hash=sha256:d28630f5854ab07ab1fd4aba756de52326c82e6be15d414b12793f1975048b54 \
    --hash=sha256:d9c275eaacd24aa73f94ffd6de08fc3f932424d8b6c376f4bed7cde376fe7bc3 \
    --hash=sha256:da0e573f9f97159390c89d9f1a9e41908b66d408cc5b58d08cf3847d844c531b \
    --hash=sha256:dd31f52ea1086513bb9df30f8fcee9b8918323ae067a3d5b78bc826a000712be \
    --hash=sha256:dddad92b554513a31f272570678ba307fb9f618f05e3d4a5eacafff9eae03e1d \
    --hash=sha256:df423d40ee8654634421812bc3b196da3f9bd7d32929da813f8394c4348a5358 \
    --hash=sha256:df913725b79db7bcf03448f36b7bf8815363417d5b58deecf9305e3e30f0f21a \
    --hash=sha256:e0bcb7e0f677f543555d2adff3bf19c05f66cdb4796e5ff602442ab2fe3c4ef7 \
    --hash=sha256:e2d65b31f36619cda3999b78b2aa9632e76b78448e7a56fc4240824200e7c4fc \
    --hash=sha256:e6e8cff14d6fb0be70a09c0bdc58096f501952d04624ebf867e0e56da2df8960 \
    --hash=sha256:f16c709686a78c727bbbf059f92b0bf41c6fc60deec706d2dc19f529175a6125 \
    --hash=sha256:f24fb43132a4c6b4cb4eb029492919b2db645be6808d738f244fd146c03c32cb \
    --hash=sha256:f53e442b08449d42821fa4a4fba000095af9f62742a500f978a9f557ec44339a \
    --hash=sha256:f5cfbc5fe74540d335175b656c725d74d90e3730c626d92575eea35029d9afaa \
    --hash=sha256:f81b3b8f3d4e343550fa4baa0e479bba9f2d29ce9c2e9b51d1ce1718d7442fcf \
    --hash=sha256:f8ec5e643a9a937f64e1999eb9f75d072263751912dc5cd06d3c85f8f44be7c3 \
    --hash=sha256:fb92203a88b3d3053034db775110081c49d28be6551923805e039924093761e4 \
    --hash=sha256:fcd22650c908d7b7da162bbfaab594a1227a15d1643a98c68b122ac642fa2264
    # via argon2-cffi-bindings
gunicorn==23.0.0 ; sys_platform != 'win32' \
    --hash=sha256:ec400d38950de4dfd418cff8328b2c8faed0edb0d517d3394e457c317908ca4d \
    --hash=sha256:f014447a0101dc57e294f6c18ca6b40227a4c90e9bdb586042628030cba004ec
    # via -r requirements.txt
jmespath==1.1.0 \
    --hash=sha256:472c87d80f36026ae83c6ddd0f1d05d4e510134ed462851fd5f754c8c3cbb88d \
    --hash=sha256:a5663118de4908c91729bea0acadca56526eb2698e83de10cd116ae0f4e97c64
    # via
    #   boto3
    #   botocore
packaging==26.3 ; sys_platform != 'win32' \
    --hash=sha256:94edc256424af38762eb31306eed28beb9f0efc50a8837492c9d6fd6004aed79 \
    --hash=sha256:d7193f7c8e4e93f444fde0262bf90af30e16fa0ad0ad44cb553c87339b23cd1c
    # via gunicorn
pillow==12.2.0 \
    --hash=sha256:00a2865911330191c0b818c59103b58a5e697cae67042366970a6b6f1b20b7f9 \
    --hash=sha256:01afa7cf67f74f09523699b4e88c73fb55c13346d212a59a2db1f86b0a63e8c5 \
    --hash=sha256:03e7e372d5240cc23e9f07deca4d775c0817bffc641b01e9c3af208dbd300987 \
    --hash=sha256:03f6fab9219220f041c74aeaa2939ff0062bd5c364ba9ce037197f4c6d498cd9 \
    --hash=sha256:042db20a421b9bafecc4b84a8b6e444686bd9d836c7fd24542db3e7df7baad9b \
    --hash=sha256:0538bd5e05efec03ae613fd89c4ce0368ecd2ba239cc25b9f9be7ed426b0af1f \
    --hash=sha256:0a34329707af4f73cf1782a36cd2289c0368880654a2c11f027bcee9052d35dd \
    --hash=sha256:0c838a5125cee37e68edec915651521191cef1e6aa336b855f495766e77a366e \
    --hash=sha256:144748b3af2d1b358d41286056d0003f47cb339b8c43a9ea42f5fea4d8c66b6e \
    --hash=sha256:1610dd6c61621ae1cf811bef44d77e149ce3f7b95afe66a4512f8c59f25d9ebe \
    --hash=sha256:1e1757442ed87f4912397c6d35a0db6a7b52592156014706f17658ff58bbf795 \
    --hash=sha256:22db17c68434de69d8ecfc2fe821569195c0c373b25cccb9cbdacf2c6e53c601 \
    --hash=sha256:25373b66e0dd5905ed63fa3cae13c82fbddf3079f2c8bf15c6fb6a35586324c1 \
    --hash=sha256:2bb4a8d594eacdfc59d9e5ad972aa8afdd48d584ffd5f13a937a664c3e7db0ed \
    --hash=sha256:2c727a6d53cb0018aadd8018c2b938376af27914a68a492f59dfcaca650d5eea \
    --hash=sha256:2d192a155bbcec180f8564f693e6fd9bccff5a7af9b32e2e4bf8c9c69dbad6b5 \
    --hash=sha256:2e589959f10d9824d39b350472b92f0ce3b443c0a3442ebf41c40cb8361c5b97 \
    --hash=sha256:2e5a76d03a6c6dcef67edabda7a52494afa4035021a79c8558e14af25313d453 \
    --hash=sha256:325ca0528c6788d2a6c3d40e3568639398137346c3d6e66bb61db96b96511c98 \
    --hash=sha256:34c0d99ecccea270c04882cb3b86e7b57296079c9a4aff88cb3b33563d95afaa \
    --hash=sha256:390ede346628ccc626e5730107cde16c42d3836b89662a115a921f28440e6a3b \
    --hash=sha256:394167b21da716608eac917c60aa9b969421b5dcbbe02ae7f013e7b85811c69d \
    --hash=sha256:3997232e10d2920a68d25191392e3a4487d8183039e1c74c2297f00ed1c50705 \
    --hash=sha256:3adc9215e8be0448ed6e814966ecf3d9952f0ea40eb14e89a102b87f450660d8 \
    --hash=sha256:3e080565d8d7c671db5802eedfb438e5565ffa40115216eabb8cd52d0ecce024 \
    --hash=sha256:4a6c9fa44005fa37a91ebfc95d081e8079757d2e904b27103f4f5fa6f0bf78c0 \
    --hash=sha256:4bfd07bc812fbd20395212969e41931001fd59eb55a60658b0e5710872e95286 \
    --hash=sha256:4e6c62e9d237e9b65fac06857d511e90d8461a32adcc1b9065ea0c0fa3a28150 \
    --hash=sha256:50d8520da2a6ce0af445fa6d648c4273c3eeefbc32d7ce049f22e8b5c3daecc2 \
    --hash=sha256:51c4167c34b0d8ba05b547a3bb23578d0ba17b80a5593f93bd8ecb123dd336a3 \
    --hash=sha256:56a3f9c60a13133a98ecff6197af34d7824de9b7b38c3654861a725c970c197b \
    --hash=sha256:56b25336f502b6ed02e889f4ece894a72612fe885889a6e8c4c80239ff6e5f5f \
    --hash=sha256:57850958fe9c751670e49b2cecf6294acc99e562531f4bd317fa5ddee2068463 \
    --hash=sha256:58f62cc0f00fd29e64b29f4fd923ffdb3859c9f9e6105bfc37ba1d08994e8940 \
    --hash=sha256:5c0a9f29ca8e79f09de89293f82fc9b0270bb4af1d58bc98f540cc4aedf03166 \
    --hash=sha256:5cdfebd752ec52bf5bb4e35d9c64b40826bc5b40a13df7c3cda20a2c03a0f5ed \
    --hash=sha256:5d04bfa02cc2d23b497d1e90a0f927070043f6cbf303e738300532379a4b4e0f \
    --hash=sha256:5d2fd0fa6b5d9d1de415060363433f28da8b1526c1c129020435e186794b3795 \
    --hash=sha256:62f5409336adb0663b7caa0da5c7d9e7bdbaae9ce761d34669420c2a801b2780 \
    --hash=sha256:632ff19b2778e43162304d50da0181ce24ac5bb8180122cbe1bf4673428328c7 \
    --hash=sha256:6562ace0d3fb5f20ed7290f1f929cae41b25ae29528f2af1722966a0a02e2aa1 \
    --hash=sha256:673aa32138f3e7531ccdbca7b3901dba9b70940a19ccecc6a37c77d5fdeb05b5 \
    --hash=sha256:6a6e67ea2e6feda684ed370f9a1c52e7a243631c025ba42149a2cc5934dec295 \
    --hash=sha256:6a9adfc6d24b10f89588096364cc726174118c62130c817c2837c60cf08a392b \
    --hash=sha256:6bb77b2dcb06b20f9f4b4a8454caa581cd4dd0643a08bacf821216a16d9c8354 \
    --hash=sha256:6e6b2a0c538fc200b38ff9eb6628228b77908c319a005815f2dde585a0664b60 \
    --hash=sha256:71cde9a1e1551df7d34a25462fc60325e8a11a82cc2e2f54578e5e9a1e153d65 \
    --hash=sha256:7371b48c4fa448d20d2714c9a1f775a81155050d383333e0a6c15b1123dda005 \
    --hash=sha256:766cef22385fa1091258ad7e6216792b156dc16d8d3fa607e7545b2b72061f1c \
    --hash=sha256:7b14cc0106cd9aecda615dd6903840a058b4700fcb817687d0ee4fc8b6e389be \
    --hash=sha256:7f84204dee22a783350679a0333981df803dac21a0190d706a50475e361c93f5 \
    --hash=sha256:8023abc91fba39036dbce14a7d6535632f99c0b857807cbbbf21ecc9f4717f06 \
    --hash=sha256:80b2da48193b2f33ed0c32c38140f9d3186583ce7d516526d462645fd98660ae \
    --hash=sha256:8297651f5b5679c19968abefd6bb84d95fe30ef712eb1b2d9b2d31ca61267f4c \
    --hash=sha256:88d387ff40b3ff7c274947ed3125dedf5262ec6919d83946753b5f3d7c67ea4c \
    --hash=sha256:88ddbc66737e277852913bd1e07c150cc7bb124539f94c4e2df5344494e0a612 \
    --hash=sha256:8bd7903a5f2a4545f6fd5935c90058b89d30045568985a71c79f5fd6edf9b91e \
    --hash=sha256:8be29e59487a79f173507c30ddf57e733a357f67881430449bb32614075a40ab \
    --hash=sha256:8c984051042858021a54926eb597d6ee3012393ce9c181814115df4c60b9a808 \
    --hash=sha256:8cbeb542b2ebc6fcdacabf8aca8c1a97c9b3ad3927d46b8723f9d4f033288a0f \
    --hash=sha256:8e9c4f5b3c546fa3458a29ab22646c1c6c787ea8f5ef51300e5a60300736905e \
    --hash=sha256:90e6f81de50ad6b534cab6e5aef77ff6e37722b2f5d908686f4a5c9eba17a909 \
    --hash=sha256:975385f4776fafde056abb318f612ef6285b10a1f12b8570f3647ad0d74b48ec \
    --hash=sha256:9a8a34cc89c67a65ea7437ce257cea81a9dad65b29805f3ecee8c8fe8ff25ffe \
    --hash=sha256:9aba9a17b623ef750a4d11b742cbafffeb48a869821252b30ee21b5e91392c50 \
    --hash=sha256:9f08483a632889536b8139663db60f6724bfcb443c96f1b18855860d7d5c0fd4 \
    --hash=sha256:a4e8f36e677d3336f35089648c8955c51c6d386a13cf6ee9c189c5f5bd713a9f \
    --hash=sha256:a52edc8bfff4429aaabdf4d9ee0daadbbf8562364f940937b941f87a4290f5ff \
    --hash=sha256:a830b1a40919539d07806aa58e1b114df53ddd43213d9c8b75847eee6c0182b5 \
    --hash=sha256:aa88ccfe4e32d362816319ed727a004423aab09c5cea43c01a4b435643fa34eb \
    --hash=sha256:af73337013e0b3b46f175e79492d96845b16126ddf79c438d7ea7ff27783a414 \
    --hash=sha256:b1c1fbd8a5a1af3412a0810d060a78b5136ec0836c8a4ef9aa11807f2a22f4e1 \
    --hash=sha256:b85f66ae9eb53e860a873b858b789217ba505e5e405a24b85c0464822fe88032 \
    --hash=sha256:b86024e52a1b269467a802258c25521e6d742349d760728092e1bc2d135b4d76 \
    --hash=sha256:bd9c0c7a0c681a347b3194c500cb1e6ca9cab053ea4d82a5cf45b6b754560136 \
    --hash=sha256:bfa9c230d2fe991bed5318a5f119bd6780cda2915cca595393649fc118ab895e \
    --hash=sha256:d362d1878f00c142b7e1a16e6e5e780f02be8195123f164edf7eddd911eefe7c \
    --hash=sha256:d5d38f1411c0ed9f97bcb49b7bd59b6b7c314e0e27420e34d99d844b9ce3b6f3 \
    --hash=sha256:dac8d77255a37e81a2efcbd1fc05f1c15ee82200e6c240d7e127e25e365c39ea \
    --hash=sha256:dd025009355c926a84a612fecf58bb315a3f6814b17ead51a8e48d3823d9087f \
    --hash=sha256:deede7c263feb25dba4e82ea23058a235dcc2fe1f6021025dc71f2b618e26104 \
    --hash=sha256:e74473c875d78b8e9d5da2a70f7099549f9eb37ded4e2f6a463e60125bccd176 \
    --hash=sha256:ee3120ae9dff32f121610bb08e4313be87e03efeadfc6c0d18f89127e24d0c24 \
    --hash=sha256:eedf4b74eda2b5a4b2b2fb4c006d6295df3bf29e459e198c90ea48e130dc75c3 \
    --hash=sha256:efd8c21c98c5cc60653bcb311bef2ce0401642b7ce9d09e03a7da87c878289d4 \
    --hash=sha256:f1c943e96e85df3d3478f7b691f229887e143f81fedab9b20205349ab04d73ed \
    --hash=sha256:f278f034eb75b4e8a13a54a876cc4a5ab39173d2cdd93a638e1b467fc545ac43 \
    --hash=sha256:f3f40b3c5a968281fd507d519e444c35f0ff171237f4fdde090dd60699458421 \
    --hash=sha256:f490f9368b6fc026f021db16d7ec2fbf7d89e2edb42e8ec09d2c60505f5729c7 \
    --hash=sha256:fb043ee2f06b41473269765c2feae53fc2e2fbf96e5e22ca94fb5ad677856f06 \
    --hash=sha256:fc3d34d4a8fbec3e88a79b92e5465e0f9b842b628675850d860b8bd300b159f5
    # via
    #   -r requirements.txt
    #   pillow-heif
pillow-heif==1.7.0 \
    --hash=sha256:0049ecf390e7915e753e585651d22134284176ae583e54c4b863330c838a9835 \
    --hash=sha256:0480dc54e6000fa5a6ec3a9749bc1dfb18e040ee36b355e6c2bda9f5e62dceea \
    --hash=sha256:09e29bd7d1cecfcbdb9041c3e2a2f1d6f9327ec3804d9035e2909ec88578f25d \
    --hash=sha256:0b8de90c07085a45182ca214911fbe211af0fd1c65c78deda108b4164d1586df \
    --hash=sha256:0e33fc164268d96ce119e2bee43311bae77a7e770f3b6fc38deef082adaee5b3 \
    --hash=sha256:1494eaf01de9b5571bf064f14239e0036d59e9e0db6c99ad47b9a216f6187383 \
    --hash=sha256:1caa5a97364665d45056d25be302e586c39df64ee42ce55241e3735e089809ed \
    --hash=sha256:21754c373ae59e69fcb1d568f64b5d7c8140f61d5114289dd753dcb2c4869c8b \
    --hash=sha256:2444f95432fd3556a915378789cbc1282e1da55a7f17633e8d928fa72e8fbc9a \
    --hash=sha256:25978cd8b765e30901d6f1fb39c5172ab9d9c00e1b1b39430e2243f3b4f3e9d8 \
    --hash=sha256:28e9d787079d8f7e937c6482a3cb2cd816fa23a763d3056e563a8f8a9743c0a1 \
    --hash=sha256:2c602d5177e46fca3e0491572d76ed4de66c63ac5aaef999e5b3a4c1fe101395 \
    --hash=sha256:2e7280cbb6db614a6dd88b71c1d7eb7e9cfc2e0d58e733afdae85e3227a63306 \
    --hash=sha256:2fc18bacac527936118edca386c19b44a5e4e492b3d484284f990f47c0ec6443 \
    --hash=sha256:35d6be7a1633f8ebba25617b45f35893e5e4200f944a223090fd6f5e529caa51 \
    --hash=sha256:3c1f67683ebe28e2ffa017b3a653a0f16441b2e446ca269c6e92cb53061c8eff \
    --hash=sha256:3c9350ccbd854b67736f84ebafaa4363d2bb45cdb66e71c323032aab166e8633 \
    --hash=sha256:3f70c05d9f732b54ffd226750cc0c2e0d89e4cfd9e19eeb88971c899406ecc98 \
    --hash=sha256:429c975ecf438ab6417efbc171e9d601701202afe68298fe6055286583dfeb6f \
    --hash=sha256:43d79fa16ab142a9a48577417b3efa6ec2d7a610b8a5aa3c77548ecfeb30e473 \
    --hash=sha256:4b7a259056bd7de5a5d56799f5ed01591d33c1a622aef18be8562db7979961d3 \
    --hash=sha256:4c2a303a5fc018c0073e3c92480988cf7aea8e646981490b89bfdf04c34b830b \
    --hash=sha256:52513a022d3fcf14993dcd7290df9b43bb92b5aa8471db79bb680b62c8378b7c \
    --hash=sha256:5c6e5ea1084caa5ae9f0571eaa46cb8a584ac32943fb8946b085bb2bce4aa052 \
    --hash=sha256:5e4a1f37a71e870477ce23ab0232798e811415266c7ef5923dcd68ba4742a9af \
    --hash=sha256:6188e8a4203be50366e24345e8fdb50f8f6af54ac6b1875a2fe21b17505e01ae \
    --hash=sha256:65a441dd236440816783875685a7d46f6ffc5ef1237581bf2e0c28c397e19b63 \
    --hash=sha256:692cfd7c3a66bb8acb8a32f784d529261727d42692cb068e2e33b28acb3c698b \
    --hash=sha256:6f211efb455f3daae0ef9c9615327fa864075ab24b664dd0734b2c7ac2c8572d \
    --hash=sha256:722ccef14e47a254ef46fbf60863b8290e032d0ac998204f8e455e718a41cc64 \
    --hash=sha256:728a2a80eff96287708a9030ea47fa161dfae0d6308551ac59cd8717e8339d9a \
    --hash=sha256:76e43305bfe756765218a7863530699a6e6713b81ddab6c9b906e8f639ff7ff5 \
    --hash=sha256:78d77d94456d95444683b4539ffe3946554bcc25cad97564b60ae5cc7d22286c \
    --hash=sha256:793eaf2170d28c901499b7d3e156dcb6495b5ffdb5afd4eee257c321dc1711ff \
    --hash=sha256:7c4751fcffb55f555a7559cfa6721bdfb30f50f14b7f0cbd2b1cba3b5d5961b7 \
    --hash=sha256:80d168b3337ac5982cd3f78458301da63ab0f6089095ad99cfe95bcde3c5422d \
    --hash=sha256:82c06a57830c81c4c374c9f7cd82e8f90a1ef70392d4d03e714c8d33dcaac8ac \
    --hash=sha256:850005a64f30b1905866d4ee4c99b09e3b4d5358873e95e64161bcc45ee9f406 \
    --hash=sha256:8654b111c2d5cacbb603dbb2a01931421489a26a391d810b81400e4f97478650 \
    --hash=sha256:8a5934112075dd9de8747ddc1a3a6821fe6a53dbafd0e2409b7efede87ca184d \
    --hash=sha256:8bb7cbec62c31bb63236a4c0fadc0c7000953e48501a2c069dedd41ec7577eb0 \
    --hash=sha256:90c25eeae139de6b006e34a53c8fa69254234bb866e95684b8b905f4f84452df \
    --hash=sha256:988c0a49af25d856d2291cc5e86562d254a0956352dcfd4e2928c7e2e56dbf17 \
    --hash=sha256:9912a8301d469012fe2ba1f2da539b56de048aab3db649857b4ab5fa9a07919b \
    --hash=sha256:9abac47964c29585f8c7914ec8cff0a010723a0a127cf6efe9ee78a7aa91c2a9 \
    --hash=sha256:9ef4a6dd7868f1789d9e0496c83a567903adc947a410338504839b00fe755484 \
    --hash=sha256:a1f1d001576e4cc2a37f1a7a3c06b3241e7966be16670789daba428a3edf8e30 \
    --hash=sha256:a2dc2a387f5d73dbb1046f8e5cc03de12a98fe3d24b279bb820581cf8e578759 \
    --hash=sha256:a5090fe4f28a55be1ab256b6d9089eafd5cc3658ade4b0b5168b3b7aedf53c3d \
    --hash=sha256:b156781538370f3b30a3d2e9899d71a5bc1c89c7e5264123e55d21153e0aa555 \
    --hash=sha256:b37df3c08df3401085737e7ed68026398046eb01a8850df27b7a461e9045ed92 \
    --hash=sha256:b64425e62fb2cded328a5711aafdc2dcabb243055cdb418cfc00d7555d49582b \
    --hash=sha256:bc5f92590ac3be371cb5af448918e33e2aaf7770a075e26f5bec10d9c90b2c61 \
    --hash=sha256:bf8e46cfe653a9a43830a7e9993ddf70dcf3877c474b7f1c1e8364d0c85214a5 \
    --hash=sha256:bfa2e9607d13d6d2dc8fa14916bac5e8793bcebdb7357d41a7dca6754a6d6967 \
    --hash=sha256:c6111f39c197a78dac0cdbd19bf85f45dfea3847dd57f39af7c28ac538bea5b7 \
    --hash=sha256:cba79f030caf9e543b6c9a7c77cd8df465785bc6dcc1361b3fd5f905b3ca4e01 \
    --hash=sha256:cbb155e2fe0c3c95414661b48bfc6972d53f94eaa487e0ccd29dd3ea17725b1a \
    --hash=sha256:d419498c3c2f946374e05aab3367357acb41a50e6610515bf850e65dd61abdcb \
    --hash=sha256:d62d25bb7d2db573b9386d1624bdb4bd7ba1b8b8aeb7989af06ae33b9333bc4f \
    --hash=sha256:d7b31b45bfab2b3f6893199bd13387283445ba656d2febb13c386fc749b2438a \
    --hash=sha256:e2f2b9116924a676c04f1e825758d73475d162bf17602bbd2c2ee3d4380cdf99 \
    --hash=sha256:e4efb50275159e8a22783cdcbec278e69e39be49e344b09ca11e4b2fe9e1f504 \
    --hash=sha256:e533bb4a167bb79db334bc35060e979e46aa752921a056f308a6daff9b6cf5cc \
    --hash=sha256:ec6fa696e1a8ba618c74602c6dd42020364a9d4ab65f3b715063a734785cfa32 \
    --hash=sha256:f23113505672a6c55e88d7c96cbd82f3d8a5f902d31a3c071be96a9a7e98c5dc \
    --hash=sha256:f349f9591a19ef4ade9155595b646d3ce907fa95a33fada1b1cda89a441c305d \
    --hash=sha256:f599d543d319156a445a7784054467e70c16f7da1753f35ad6dc7805d4b6a4aa \
    --hash=sha256:f79143e66081c5e4433330ddb0908f494d7aab0034b7809b9d51ec4598583793 \
    --hash=sha256:f7af31a970c620b25dd144e3094ebf74162e72e08d367a1901a80ccb321859b2
    # via -r requirements.txt
psycopg==3.3.5 \
    --hash=sha256:ce5aa5cdb4f9379f00f487590e5890bfa7df9a164648c969ffa628505e21af4e \
    --hash=sha256:d0a3d9ccf5788af054cbd745278cb02401b5c312aeaafbf2c6144460aec47da4
    # via -r requirements.txt
psycopg-binary==3.3.5 ; implementation_name != 'pypy' \
    --hash=sha256:0249c3e960cdee686000eb77169fb6590105c05bacc37e057ccdffdcd8e6ebde \
    --hash=sha256:04f64b39830887c2c737b522cbfd6ad215d65e67ebfff674aa4cf21c02af487b \
    --hash=sha256:06de14ac978a2d53e864069fb5487075c6e3cfb0740f1bfd7017bc8b9942067f \
    --hash=sha256:0d8a4b7ae47f3381e2ded89891d2455b809f4afb7e5b58086844abb8cfa420ea \
    --hash=sha256:1344fd57a19737554670e67aecabd4fb37cd7937f2925840009645d641117e5a \
    --hash=sha256:14f432430fd9e1a9e7d9ab2fe14956c77f5d074ebdc556a1ad04e9a1bd3fca04 \
    --hash=sha256:14fdfd65a96ecbd8b586d14546105641f4a6ac7cbe335c786830ea4de94bbe60 \
    --hash=sha256:19e5bf9872dbd164c220567fd385ba2309c7d9df1541f78343510c6b0f36a1b7 \
    --hash=sha256:1ef2e498be47800f6202b9a2304c22646325ca6d54001b7c785bcfdb24a1e8ab \
    --hash=sha256:2111f880add40fb03c60556069ad68e884a0908a74d2debafc603caf93b73552 \
    --hash=sha256:25105f9b46bdf2a30fcb67f56976ed66f6855941ae16bc024192609b917d493c \
    --hash=sha256:2719fe19a4da752c4110cc767716d0a5bdb760d1153d89018bb7c9c61717bde5 \
    --hash=sha256:358748fc4c8ccdc0e2bdf55420494930e19c3ade586ea9c3a6de3dad1f897311 \
    --hash=sha256:35885e333020fc152d27bea1a494bef13b2e68f6fd92b6229015e93539152008 \
    --hash=sha256:39e70c8e3b5fad70e2970ea4cc502bf3b612018f128aa1c670f1fa78b9774543 \
    --hash=sha256:40505676b1526b9ea387dace034040a8c8b0bcf984cd6bd4720a2ab15e813586 \
    --hash=sha256:40f8b132c7243ef5f503f0b6f986bf16d38a51b0df1c6ba2577743f128be03e3 \
    --hash=sha256:479b96fd78149cfa10369dc53fbfb89ee729be13146b584a23dbc7e164c0cf1e \
    --hash=sha256:4901e5b9a31c230211a1871263b6594373bacd770b14ad9b14d349716cb69cbe \
    --hash=sha256:553b5443cbc94fdb9b0e31b62acdf615e0780982d6b13752a15eb3d6c0dfd0d2 \
    --hash=sha256:5698ab5941a4d138c30fef858588e651fe7d583280cd6e41832825ad9e747750 \
    --hash=sha256:5816472e3bb05615f33a741e0835043d1f4bf9709ff30d2f4aed71815cfc6b5e \
    --hash=sha256:5b981d25fc2dd13fa7328e40703ea8a03f3e9d855ec946431e96a23206d3b9fd \
    --hash=sha256:682a17a57415c3ca1731eec018ed031f012ffcb81ba74806eb219cb396065672 \
    --hash=sha256:6e85d50b87257fb117675a19ee59daa7bf9a57f6431500adf7059df799232ef4 \
    --hash=sha256:7b443f943abfe35aa5a776630cea27c9348aa66659286cee0b99084332252080 \
    --hash=sha256:88e01aa2e938a45655a8a5213fc3a44ba78cb4cab8a569b3e0bcb3d1d0eaba16 \
    --hash=sha256:893ce86a4b997f6ca1261a7826db2506727332a6ff66646fa7f024b39b5e630e \
    --hash=sha256:8dbd694f3741dd4ac5bc60b70e17f7841aefb3f0f38cef4d2756de270e03af43 \
    --hash=sha256:972cc28e943746e71ede254a4dfd1fdfcdd6dcadd6f375703849859f09377f24 \
    --hash=sha256:98a388509306e5e08a4203253ac52846bc1b034e5cbd0ae6da1211593cc28594 \
    --hash=sha256:9c071bf78e5c2e6efa40bc9089a954d7b41221347a72f35c6bf2d8c96e632f75 \
    --hash=sha256:a5e45e4bb68656253ce5c7a344c0a425c293581eba954d7fd7c2e4b2dc9f3038 \
    --hash=sha256:ab39e2794b95af61a2ff69e33e5ab6ac5df36e9ffea9a3b18e38b2aaca8c5ad5 \
    --hash=sha256:ae67072db949d0c094b747a8ec52ad0fa3c42b27842a5f746f3613d54dde3fba \
    --hash=sha256:af5084124fb2fd16557073822519dfe8c389636a16adef661a4c0c3918733171 \
    --hash=sha256:ba466011569297114449df9d523438e1adeedf3e4f31ffb78e897ec3fef3076b \
    --hash=sha256:c065531e8c1815276f50dbfa283e3a7f022671414cdda6fa9a16794dd53b28f9 \
    --hash=sha256:c09775c549b40b274206e1b043c5e5b5af39666e85c98382a30bd05d23ab677b \
    --hash=sha256:c0cac998b9b1e82dec853d2e53b3d34d56a525cf231f9441a636cfd5992929a9 \
    --hash=sha256:c6bd84e4cf67930f26f015dec33f615472b9c5871d46408efe112dbc1bc021de \
    --hash=sha256:ca8af7c0454cdce235d4aedcb5528857468f1490202d25e24fc7af40e176d563 \
    --hash=sha256:cb3b3bffebfe07110730626e76238161124f35ac87b748d663316a28d22f58b0 \
    --hash=sha256:cd0faa2475ab254ad1b507430131cf7f7f0be927ffdc03c32ad3b33d2ef63f42 \
    --hash=sha256:cf0e5e63ee86098299c673992053d556c489ba9ae6aca6cb6e24d16a8e0b09e6 \
    --hash=sha256:d06da67e9c687c6a6fdac9da4b17cbeb296ddd59bd01f6416ed4294bc57c5faf \
    --hash=sha256:d2a61e8147902771df7efe14062a3c8736347850d0d8befcf048235752504f2e \
    --hash=sha256:d8b66353b20e79bf7ac0a80f03ae97f522ccbbf909d687eec62f112e56c0276d \
    --hash=sha256:df209e64674a34b41662c67fdc8b4e0ffd77d2136393790691d086a09f9a6cab \
    --hash=sha256:df9853b832b7b916e02ef68e0d5403a7dab2d5c1ddfe94f22b1b155eb862622f \
    --hash=sha256:e5becd311f9af8d180bad372f51fb2252fd02cb2073056e2b170c9274f95fe7f \
    --hash=sha256:f45d77e398542ce0937d9fa3cd9d84e9c5fc6b34c50a66404ae840bada312750 \
    --hash=sha256:f7e1e45aad410e20de45df2b159df68ff6c8dbf47a3501f806c4489b27f4ad2b \
    --hash=sha256:fd5b047c9fd887b767d063845413e405f5de8ce1dc7a9d0da0637b77b836b469 \
    --hash=sha256:fdbeb38c9b7ca8fa57a7bda3802bedb62f4494ad3dd46c7dd36dc3f77fd5093f
    # via psycopg
pycparser==3.0 ; implementation_name != 'PyPy' \
    --hash=sha256:600f49d217304a5902ac3c37e1281c9fe94e4d0489de643a9504c5cdfdfc6b29 \
    --hash=sha256:b727414169a36b7d524c1c3e31839a521725078d7b2ff038656844266160a992
    # via cffi
python-dateutil==2.9.0.post0 \
    --hash=sha256:37dd54208da7e1cd875388217d5e00ebd4179249f90fb72437e91a35459a0ad3 \
    --hash=sha256:a8b2bc7bffae282281c8140a97d3aa9c14da0b136dfe83f850eea9a5f7470427
    # via botocore
s3transfer==0.19.2 \
    --hash=sha256:ba0309fd86be3c27dbf78cdd813c13c5e1df16e5874b99d2535ebbdfb9892993 \
    --hash=sha256:d8168eccca828cbb2cd573675333f3bddd254313a9c42494b84c76b539e8ba25
    # via boto3
six==1.17.0 \
    --hash=sha256:4721f391ed90541fddacab5acf947aa0d3dc7d27b2e1e8eda2be8970586c3274 \
    --hash=sha256:ff70335d468e7eb6ec65b95b99d3a2836546063f63acc5171de367e834932a81
    # via python-dateutil
typing-extensions==4.16.0 ; python_full_version < '3.13' \
    --hash=sha256:481caa481374e813c1b176ada14e97f1f67a4539ce9cfeb3f350d78d6370c2e8 \
    --hash=sha256:dc983d19a509c94dba722ee6abd33940f7c05a89e243c47e907eb4db6f1a43e5
    # via psycopg
tzdata==2026.3 ; sys_platform == 'win32' \
    --hash=sha256:4a1518b8993086a7982523e071643f3c0e5f213e75b21318e78bcabfff9d1415 \
    --hash=sha256:dc096730c87af6cab1b171c9d532be840741ff5d459015e7f6947bd7d7e54931
    # via psycopg
urllib3==2.7.0 \
    --hash=sha256:231e0ec3b63ceb14667c67be60f2f2c40a518cb38b03af60abc813da26505f4c \
    --hash=sha256:9fb4c81ebbb1ce9531cce37674bbc6f1360472bc18ca9a553ede278ef7276897
    # via botocore
